
Microsoft Visual Studio Solution File, Format Version 12.00
# Visual Studio Version 17
VisualStudioVersion = 17.5.33516.290
MinimumVisualStudioVersion = 10.0.40219.1
Project("{FAE04EC0-301F-11D3-BF4B-00C04F79EFBC}") = "Ejercicio03.Android", "Ejercicio03\Ejercicio03.Android\Ejercicio03.Android.csproj", "{90AA4E3B-75B8-4A34-B3F0-6E509C510A86}"
EndProject
Project("{FAE04EC0-301F-11D3-BF4B-00C04F79EFBC}") = "Ejercicio03.iOS", "Ejercicio03\Ejercicio03.iOS\Ejercicio03.iOS.csproj", "{64DE7FFE-96FA-467E-A3FC-E751077B77E8}"
EndProject
Project("{FAE04EC0-301F-11D3-BF4B-00C04F79EFBC}") = "Ejercicio03", "Ejercicio03\Ejercicio03\Ejercicio03.csproj", "{957099BF-E629-4B77-9116-E263811E2F99}"
EndProject
Global
	GlobalSection(SolutionConfigurationPlatforms) = preSolution
		Debug|Any CPU = Debug|Any CPU
		Debug|iPhone = Debug|iPhone
		Debug|iPhoneSimulator = Debug|iPhoneSimulator
		Release|Any CPU = Release|Any CPU
		Release|iPhone = Release|iPhone
		Release|iPhoneSimulator = Release|iPhoneSimulator
	EndGlobalSection
	GlobalSection(ProjectConfigurationPlatforms) = postSolution
		{90AA4E3B-75B8-4A34-B3F0-6E509C510A86}.Debug|Any CPU.ActiveCfg = Debug|Any CPU
		{90AA4E3B-75B8-4A34-B3F0-6E509C510A86}.Debug|Any CPU.Build.0 = Debug|Any CPU
		{90AA4E3B-75B8-4A34-B3F0-6E509C510A86}.Debug|Any CPU.Deploy.0 = Debug|Any CPU
		{90AA4E3B-75B8-4A34-B3F0-6E509C510A86}.Debug|iPhone.ActiveCfg = Debug|Any CPU
		{90AA4E3B-75B8-4A34-B3F0-6E509C510A86}.Debug|iPhone.Build.0 = Debug|Any CPU
		{90AA4E3B-75B8-4A34-B3F0-6E509C510A86}.Debug|iPhone.Deploy.0 = Debug|Any CPU
		{90AA4E3B-75B8-4A34-B3F0-6E509C510A86}.Debug|iPhoneSimulator.ActiveCfg = Debug|Any CPU
		{90AA4E3B-75B8-4A34-B3F0-6E509C510A86}.Debug|iPhoneSimulator.Build.0 = Debug|Any CPU
		{90AA4E3B-75B8-4A34-B3F0-6E509C510A86}.Debug|iPhoneSimulator.Deploy.0 = Debug|Any CPU
		{90AA4E3B-75B8-4A34-B3F0-6E509C510A86}.Release|Any CPU.ActiveCfg = Release|Any CPU
		{90AA4E3B-75B8-4A34-B3F0-6E509C510A86}.Release|Any CPU.Build.0 = Release|Any CPU
		{90AA4E3B-75B8-4A34-B3F0-6E509C510A86}.Release|Any CPU.Deploy.0 = Release|Any CPU
		{90AA4E3B-75B8-4A34-B3F0-6E509C510A86}.Release|iPhone.ActiveCfg = Release|Any CPU
		{90AA4E3B-75B8-4A34-B3F0-6E509C510A86}.Release|iPhone.Build.0 = Release|Any CPU
		{90AA4E3B-75B8-4A34-B3F0-6E509C510A86}.Release|iPhone.Deploy.0 = Release|Any CPU
		{90AA4E3B-75B8-4A34-B3F0-6E509C510A86}.Release|iPhoneSimulator.ActiveCfg = Release|Any CPU
		{90AA4E3B-75B8-4A34-B3F0-6E509C510A86}.Release|iPhoneSimulator.Build.0 = Release|Any CPU
		{90AA4E3B-75B8-4A34-B3F0-6E509C510A86}.Release|iPhoneSimulator.Deploy.0 = Release|Any CPU
		{64DE7FFE-96FA-467E-A3FC-E751077B77E8}.Debug|Any CPU.ActiveCfg = Debug|iPhone
		{64DE7FFE-96FA-467E-A3FC-E751077B77E8}.Debug|Any CPU.Build.0 = Debug|iPhone
		{64DE7FFE-96FA-467E-A3FC-E751077B77E8}.Debug|Any CPU.Deploy.0 = Debug|iPhone
		{64DE7FFE-96FA-467E-A3FC-E751077B77E8}.Debug|iPhone.ActiveCfg = Debug|iPhone
		{64DE7FFE-96FA-467E-A3FC-E751077B77E8}.Debug|iPhone.Build.0 = Debug|iPhone
		{64DE7FFE-96FA-467E-A3FC-E751077B77E8}.Debug|iPhone.Deploy.0 = Debug|iPhone
		{64DE7FFE-96FA-467E-A3FC-E751077B77E8}.Debug|iPhoneSimulator.ActiveCfg = Debug|iPhoneSimulator
		{64DE7FFE-96FA-467E-A3FC-E751077B77E8}.Debug|iPhoneSimulator.Build.0 = Debug|iPhoneSimulator
		{64DE7FFE-96FA-467E-A3FC-E751077B77E8}.Debug|iPhoneSimulator.Deploy.0 = Debug|iPhoneSimulator
		{64DE7FFE-96FA-467E-A3FC-E751077B77E8}.Release|Any CPU.ActiveCfg = Release|iPhoneSimulator
		{64DE7FFE-96FA-467E-A3FC-E751077B77E8}.Release|Any CPU.Build.0 = Release|iPhoneSimulator
		{64DE7FFE-96FA-467E-A3FC-E751077B77E8}.Release|Any CPU.Deploy.0 = Release|iPhoneSimulator
		{64DE7FFE-96FA-467E-A3FC-E751077B77E8}.Release|iPhone.ActiveCfg = Release|iPhone
		{64DE7FFE-96FA-467E-A3FC-E751077B77E8}.Release|iPhone.Build.0 = Release|iPhone
		{64DE7FFE-96FA-467E-A3FC-E751077B77E8}.Release|iPhone.Deploy.0 = Release|iPhone
		{64DE7FFE-96FA-467E-A3FC-E751077B77E8}.Release|iPhoneSimulator.ActiveCfg = Release|iPhoneSimulator
		{64DE7FFE-96FA-467E-A3FC-E751077B77E8}.Release|iPhoneSimulator.Build.0 = Release|iPhoneSimulator
		{64DE7FFE-96FA-467E-A3FC-E751077B77E8}.Release|iPhoneSimulator.Deploy.0 = Release|iPhoneSimulator
		{957099BF-E629-4B77-9116-E263811E2F99}.Debug|Any CPU.ActiveCfg = Debug|Any CPU
		{957099BF-E629-4B77-9116-E263811E2F99}.Debug|Any CPU.Build.0 = Debug|Any CPU
		{957099BF-E629-4B77-9116-E263811E2F99}.Debug|Any CPU.Deploy.0 = Debug|Any CPU
		{957099BF-E629-4B77-9116-E263811E2F99}.Debug|iPhone.ActiveCfg = Debug|Any CPU
		{957099BF-E629-4B77-9116-E263811E2F99}.Debug|iPhone.Build.0 = Debug|Any CPU
		{957099BF-E629-4B77-9116-E263811E2F99}.Debug|iPhone.Deploy.0 = Debug|Any CPU
		{957099BF-E629-4B77-9116-E263811E2F99}.Debug|iPhoneSimulator.ActiveCfg = Debug|Any CPU
		{957099BF-E629-4B77-9116-E263811E2F99}.Debug|iPhoneSimulator.Build.0 = Debug|Any CPU
		{957099BF-E629-4B77-9116-E263811E2F99}.Debug|iPhoneSimulator.Deploy.0 = Debug|Any CPU
		{957099BF-E629-4B77-9116-E263811E2F99}.Release|Any CPU.ActiveCfg = Release|Any CPU
		{957099BF-E629-4B77-9116-E263811E2F99}.Release|Any CPU.Build.0 = Release|Any CPU
		{957099BF-E629-4B77-9116-E263811E2F99}.Release|Any CPU.Deploy.0 = Release|Any CPU
		{957099BF-E629-4B77-9116-E263811E2F99}.Release|iPhone.ActiveCfg = Release|Any CPU
		{957099BF-E629-4B77-9116-E263811E2F99}.Release|iPhone.Build.0 = Release|Any CPU
		{957099BF-E629-4B77-9116-E263811E2F99}.Release|iPhone.Deploy.0 = Release|Any CPU
		{957099BF-E629-4B77-9116-E263811E2F99}.Release|iPhoneSimulator.ActiveCfg = Release|Any CPU
		{957099BF-E629-4B77-9116-E263811E2F99}.Release|iPhoneSimulator.Build.0 = Release|Any CPU
		{957099BF-E629-4B77-9116-E263811E2F99}.Release|iPhoneSimulator.Deploy.0 = Release|Any CPU
	EndGlobalSection
	GlobalSection(SolutionProperties) = preSolution
		HideSolutionNode = FALSE
	EndGlobalSection
	GlobalSection(ExtensibilityGlobals) = postSolution
		SolutionGuid = {A5488139-E309-4954-B03B-ADEAC9A3B830}
	EndGlobalSection
EndGlobal
